{
  "name": "pdf-merger",
  "version": "1.0.0",
  "lockfileVersion": 1,
  "requires": true,
  "dependencies": {
    "easy-pdf-merge": {
      "version": "0.2.2",
      "resolved": "https://registry.npmjs.org/easy-pdf-merge/-/easy-pdf-merge-0.2.2.tgz",
      "integrity": "sha512-Cbf4BhCNRnjKQzXY8dbXjNE8KmWsjz7Jj0zk3pkEv8u+wxaLQxWEgu6W/EkH8RuygZIcqPepXNp7HJJ/0A5QTw=="
    }
  }
}
